// !$*UTF8*$!
{
	archiveVersion = 1;
	classes = {
	};
	objectVersion = 55;
	objects = {

/* Begin PBXBuildFile section */
		001D907828CB638700DBF549 /* MapView.swift in Sources */ = {isa = PBXBuildFile; fileRef = 001D907728CB638700DBF549 /* MapView.swift */; };
		001D907C28CB693900DBF549 /* UserFeedController.swift in Sources */ = {isa = PBXBuildFile; fileRef = 001D907B28CB693900DBF549 /* UserFeedController.swift */; };
		00B8377628D0B182003F54B0 /* UserStoryModel.swift in Sources */ = {isa = PBXBuildFile; fileRef = 00B8377528D0B182003F54B0 /* UserStoryModel.swift */; };
		00B8377928D0B19D003F54B0 /* MediaTypeEnum.swift in Sources */ = {isa = PBXBuildFile; fileRef = 00B8377828D0B19D003F54B0 /* MediaTypeEnum.swift */; };
		00B8377C28D0B2D0003F54B0 /* MapViewCoordinator.swift in Sources */ = {isa = PBXBuildFile; fileRef = 00B8377B28D0B2D0003F54B0 /* MapViewCoordinator.swift */; };
		00B8377E28D0B345003F54B0 /* LandmarkAnnotation.swift in Sources */ = {isa = PBXBuildFile; fileRef = 00B8377D28D0B345003F54B0 /* LandmarkAnnotation.swift */; };
		352DB76628CA17D200A377E6 /* SocialMapApp.swift in Sources */ = {isa = PBXBuildFile; fileRef = 352DB76528CA17D200A377E6 /* SocialMapApp.swift */; };
		352DB76828CA17D200A377E6 /* UserFeedView.swift in Sources */ = {isa = PBXBuildFile; fileRef = 352DB76728CA17D200A377E6 /* UserFeedView.swift */; };
		352DB76A28CA17D300A377E6 /* Assets.xcassets in Resources */ = {isa = PBXBuildFile; fileRef = 352DB76928CA17D300A377E6 /* Assets.xcassets */; };
		352DB76D28CA17D300A377E6 /* Preview Assets.xcassets in Resources */ = {isa = PBXBuildFile; fileRef = 352DB76C28CA17D300A377E6 /* Preview Assets.xcassets */; };
		B25315D428CF558700BD40DC /* CoreLocation.framework in Frameworks */ = {isa = PBXBuildFile; fileRef = B25315D328CF558700BD40DC /* CoreLocation.framework */; };
/* End PBXBuildFile section */

/* Begin PBXFileReference section */
		001D907728CB638700DBF549 /* MapView.swift */ = {isa = PBXFileReference; lastKnownFileType = sourcecode.swift; path = MapView.swift; sourceTree = "<group>"; };
		001D907B28CB693900DBF549 /* UserFeedController.swift */ = {isa = PBXFileReference; lastKnownFileType = sourcecode.swift; path = UserFeedController.swift; sourceTree = "<group>"; };
		00B8377528D0B182003F54B0 /* UserStoryModel.swift */ = {isa = PBXFileReference; lastKnownFileType = sourcecode.swift; path = UserStoryModel.swift; sourceTree = "<group>"; };
		00B8377828D0B19D003F54B0 /* MediaTypeEnum.swift */ = {isa = PBXFileReference; lastKnownFileType = sourcecode.swift; path = MediaTypeEnum.swift; sourceTree = "<group>"; };
		00B8377B28D0B2D0003F54B0 /* MapViewCoordinator.swift */ = {isa = PBXFileReference; lastKnownFileType = sourcecode.swift; path = MapViewCoordinator.swift; sourceTree = "<group>"; };
		00B8377D28D0B345003F54B0 /* LandmarkAnnotation.swift */ = {isa = PBXFileReference; lastKnownFileType = sourcecode.swift; path = LandmarkAnnotation.swift; sourceTree = "<group>"; };
		352DB76228CA17D200A377E6 /* SocialMap.app */ = {isa = PBXFileReference; explicitFileType = wrapper.application; includeInIndex = 0; path = SocialMap.app; sourceTree = BUILT_PRODUCTS_DIR; };
		352DB76528CA17D200A377E6 /* SocialMapApp.swift */ = {isa = PBXFileReference; lastKnownFileType = sourcecode.swift; path = SocialMapApp.swift; sourceTree = "<group>"; };
		352DB76728CA17D200A377E6 /* UserFeedView.swift */ = {isa = PBXFileReference; lastKnownFileType = sourcecode.swift; path = UserFeedView.swift; sourceTree = "<group>"; };
		352DB76928CA17D300A377E6 /* Assets.xcassets */ = {isa = PBXFileReference; lastKnownFileType = folder.assetcatalog; path = Assets.xcassets; sourceTree = "<group>"; };
		352DB76C28CA17D300A377E6 /* Preview Assets.xcassets */ = {isa = PBXFileReference; lastKnownFileType = folder.assetcatalog; path = "Preview Assets.xcassets"; sourceTree = "<group>"; };
		B25315D328CF558700BD40DC /* CoreLocation.framework */ = {isa = PBXFileReference; lastKnownFileType = wrapper.framework; name = CoreLocation.framework; path = System/Library/Frameworks/CoreLocation.framework; sourceTree = SDKROOT; };
/* End PBXFileReference section */

/* Begin PBXFrameworksBuildPhase section */
		352DB75F28CA17D200A377E6 /* Frameworks */ = {
			isa = PBXFrameworksBuildPhase;
			buildActionMask = 2147483647;
			files = (
				B25315D428CF558700BD40DC /* CoreLocation.framework in Frameworks */,
			);
			runOnlyForDeploymentPostprocessing = 0;
		};
/* End PBXFrameworksBuildPhase section */

/* Begin PBXGroup section */
		001D907528CB635000DBF549 /* Core */ = {
			isa = PBXGroup;
			children = (
				001D907928CB690B00DBF549 /* UserFeed */,
			);
			path = Core;
			sourceTree = "<group>";
		};
		001D907628CB636A00DBF549 /* General */ = {
			isa = PBXGroup;
			children = (
				00B8377A28D0B2C3003F54B0 /* Coordinators */,
				001D907728CB638700DBF549 /* MapView.swift */,
				00B8377D28D0B345003F54B0 /* LandmarkAnnotation.swift */,
			);
			path = General;
			sourceTree = "<group>";
		};
		001D907928CB690B00DBF549 /* UserFeed */ = {
			isa = PBXGroup;
			children = (
				352DB76728CA17D200A377E6 /* UserFeedView.swift */,
				001D907B28CB693900DBF549 /* UserFeedController.swift */,
			);
			path = UserFeed;
			sourceTree = "<group>";
		};
		00B8377428D0B172003F54B0 /* Model */ = {
			isa = PBXGroup;
			children = (
				00B8377528D0B182003F54B0 /* UserStoryModel.swift */,
			);
			path = Model;
			sourceTree = "<group>";
		};
		00B8377728D0B194003F54B0 /* Enum */ = {
			isa = PBXGroup;
			children = (
				00B8377828D0B19D003F54B0 /* MediaTypeEnum.swift */,
			);
			path = Enum;
			sourceTree = "<group>";
		};
		00B8377A28D0B2C3003F54B0 /* Coordinators */ = {
			isa = PBXGroup;
			children = (
				00B8377B28D0B2D0003F54B0 /* MapViewCoordinator.swift */,
			);
			path = Coordinators;
			sourceTree = "<group>";
		};
		352DB75928CA17D200A377E6 = {
			isa = PBXGroup;
			children = (
				352DB76428CA17D200A377E6 /* SocialMap */,
				352DB76328CA17D200A377E6 /* Products */,
				B25315D228CF558700BD40DC /* Frameworks */,
			);
			sourceTree = "<group>";
		};
		352DB76328CA17D200A377E6 /* Products */ = {
			isa = PBXGroup;
			children = (
				352DB76228CA17D200A377E6 /* SocialMap.app */,
			);
			name = Products;
			sourceTree = "<group>";
		};
		352DB76428CA17D200A377E6 /* SocialMap */ = {
			isa = PBXGroup;
			children = (
				352DB77628CA181500A377E6 /* Source */,
				352DB77528CA180700A377E6 /* Resources */,
				352DB77328CA17F100A377E6 /* Application */,
				352DB76B28CA17D300A377E6 /* Preview Content */,
			);
			path = SocialMap;
			sourceTree = "<group>";
		};
		352DB76B28CA17D300A377E6 /* Preview Content */ = {
			isa = PBXGroup;
			children = (
				352DB76C28CA17D300A377E6 /* Preview Assets.xcassets */,
			);
			path = "Preview Content";
			sourceTree = "<group>";
		};
		352DB77328CA17F100A377E6 /* Application */ = {
			isa = PBXGroup;
			children = (
				352DB76528CA17D200A377E6 /* SocialMapApp.swift */,
			);
			path = Application;
			sourceTree = "<group>";
		};
		352DB77528CA180700A377E6 /* Resources */ = {
			isa = PBXGroup;
			children = (
				352DB76928CA17D300A377E6 /* Assets.xcassets */,
			);
			path = Resources;
			sourceTree = "<group>";
		};
		352DB77628CA181500A377E6 /* Source */ = {
			isa = PBXGroup;
			children = (
				00B8377728D0B194003F54B0 /* Enum */,
				00B8377428D0B172003F54B0 /* Model */,
				352DB77728CA181A00A377E6 /* View */,
			);
			path = Source;
			sourceTree = "<group>";
		};
		352DB77728CA181A00A377E6 /* View */ = {
			isa = PBXGroup;
			children = (
				001D907628CB636A00DBF549 /* General */,
				001D907528CB635000DBF549 /* Core */,
			);
			path = View;
			sourceTree = "<group>";
		};
		B25315D228CF558700BD40DC /* Frameworks */ = {
			isa = PBXGroup;
			children = (
				B25315D328CF558700BD40DC /* CoreLocation.framework */,
			);
			name = Frameworks;
			sourceTree = "<group>";
		};
/* End PBXGroup section */

/* Begin PBXNativeTarget section */
		352DB76128CA17D200A377E6 /* SocialMap */ = {
			isa = PBXNativeTarget;
			buildConfigurationList = 352DB77028CA17D300A377E6 /* Build configuration list for PBXNativeTarget "SocialMap" */;
			buildPhases = (
				352DB75E28CA17D200A377E6 /* Sources */,
				352DB75F28CA17D200A377E6 /* Frameworks */,
				352DB76028CA17D200A377E6 /* Resources */,
			);
			buildRules = (
			);
			dependencies = (
			);
			name = SocialMap;
			productName = SocialMap;
			productReference = 352DB76228CA17D200A377E6 /* SocialMap.app */;
			productType = "com.apple.product-type.application";
		};
/* End PBXNativeTarget section */

/* Begin PBXProject section */
		352DB75A28CA17D200A377E6 /* Project object */ = {
			isa = PBXProject;
			attributes = {
				BuildIndependentTargetsInParallel = 1;
				LastSwiftUpdateCheck = 1340;
				LastUpgradeCheck = 1340;
				TargetAttributes = {
					352DB76128CA17D200A377E6 = {
						CreatedOnToolsVersion = 13.4.1;
					};
				};
			};
			buildConfigurationList = 352DB75D28CA17D200A377E6 /* Build configuration list for PBXProject "SocialMap" */;
			compatibilityVersion = "Xcode 13.0";
			developmentRegion = en;
			hasScannedForEncodings = 0;
			knownRegions = (
				en,
				Base,
			);
			mainGroup = 352DB75928CA17D200A377E6;
			productRefGroup = 352DB76328CA17D200A377E6 /* Products */;
			projectDirPath = "";
			projectRoot = "";
			targets = (
				352DB76128CA17D200A377E6 /* SocialMap */,
			);
		};
/* End PBXProject section */

/* Begin PBXResourcesBuildPhase section */
		352DB76028CA17D200A377E6 /* Resources */ = {
			isa = PBXResourcesBuildPhase;
			buildActionMask = 2147483647;
			files = (
				352DB76D28CA17D300A377E6 /* Preview Assets.xcassets in Resources */,
				352DB76A28CA17D300A377E6 /* Assets.xcassets in Resources */,
			);
			runOnlyForDeploymentPostprocessing = 0;
		};
/* End PBXResourcesBuildPhase section */

/* Begin PBXSourcesBuildPhase section */
		352DB75E28CA17D200A377E6 /* Sources */ = {
			isa = PBXSourcesBuildPhase;
			buildActionMask = 2147483647;
			files = (
				00B8377E28D0B345003F54B0 /* LandmarkAnnotation.swift in Sources */,
				352DB76828CA17D200A377E6 /* UserFeedView.swift in Sources */,
				00B8377928D0B19D003F54B0 /* MediaTypeEnum.swift in Sources */,
				00B8377C28D0B2D0003F54B0 /* MapViewCoordinator.swift in Sources */,
				001D907828CB638700DBF549 /* MapView.swift in Sources */,
				00B8377628D0B182003F54B0 /* UserStoryModel.swift in Sources */,
				001D907C28CB693900DBF549 /* UserFeedController.swift in Sources */,
				352DB76628CA17D200A377E6 /* SocialMapApp.swift in Sources */,
			);
			runOnlyForDeploymentPostprocessing = 0;
		};
/* End PBXSourcesBuildPhase section */

/* Begin XCBuildConfiguration section */
		352DB76E28CA17D300A377E6 /* Debug */ = {
			isa = XCBuildConfiguration;
			buildSettings = {
				ALWAYS_SEARCH_USER_PATHS = NO;
				CLANG_ANALYZER_NONNULL = YES;
				CLANG_ANALYZER_NUMBER_OBJECT_CONVERSION = YES_AGGRESSIVE;
				CLANG_CXX_LANGUAGE_STANDARD = "gnu++17";
				CLANG_ENABLE_MODULES = YES;
				CLANG_ENABLE_OBJC_ARC = YES;
				CLANG_ENABLE_OBJC_WEAK = YES;
				CLANG_WARN_BLOCK_CAPTURE_AUTORELEASING = YES;
				CLANG_WARN_BOOL_CONVERSION = YES;
				CLANG_WARN_COMMA = YES;
				CLANG_WARN_CONSTANT_CONVERSION = YES;
				CLANG_WARN_DEPRECATED_OBJC_IMPLEMENTATIONS = YES;
				CLANG_WARN_DIRECT_OBJC_ISA_USAGE = YES_ERROR;
				CLANG_WARN_DOCUMENTATION_COMMENTS = YES;
				CLANG_WARN_EMPTY_BODY = YES;
				CLANG_WARN_ENUM_CONVERSION = YES;
				CLANG_WARN_INFINITE_RECURSION = YES;
				CLANG_WARN_INT_CONVERSION = YES;
				CLANG_WARN_NON_LITERAL_NULL_CONVERSION = YES;
				CLANG_WARN_OBJC_IMPLICIT_RETAIN_SELF = YES;
				CLANG_WARN_OBJC_LITERAL_CONVERSION = YES;
				CLANG_WARN_OBJC_ROOT_CLASS = YES_ERROR;
				CLANG_WARN_QUOTED_INCLUDE_IN_FRAMEWORK_HEADER = YES;
				CLANG_WARN_RANGE_LOOP_ANALYSIS = YES;
				CLANG_WARN_STRICT_PROTOTYPES = YES;
				CLANG_WARN_SUSPICIOUS_MOVE = YES;
				CLANG_WARN_UNGUARDED_AVAILABILITY = YES_AGGRESSIVE;
				CLANG_WARN_UNREACHABLE_CODE = YES;
				CLANG_WARN__DUPLICATE_METHOD_MATCH = YES;
				COPY_PHASE_STRIP = NO;
				DEBUG_INFORMATION_FORMAT = dwarf;
				ENABLE_STRICT_OBJC_MSGSEND = YES;
				ENABLE_TESTABILITY = YES;
				GCC_C_LANGUAGE_STANDARD = gnu11;
				GCC_DYNAMIC_NO_PIC = NO;
				GCC_NO_COMMON_BLOCKS = YES;
				GCC_OPTIMIZATION_LEVEL = 0;
				GCC_PREPROCESSOR_DEFINITIONS = (
					"DEBUG=1",
					"$(inherited)",
				);
				GCC_WARN_64_TO_32_BIT_CONVERSION = YES;
				GCC_WARN_ABOUT_RETURN_TYPE = YES_ERROR;
				GCC_WARN_UNDECLARED_SELECTOR = YES;
				GCC_WARN_UNINITIALIZED_AUTOS = YES_AGGRESSIVE;
				GCC_WARN_UNUSED_FUNCTION = YES;
				GCC_WARN_UNUSED_VARIABLE = YES;
				IPHONEOS_DEPLOYMENT_TARGET = 15.5;
				MTL_ENABLE_DEBUG_INFO = INCLUDE_SOURCE;
				MTL_FAST_MATH = YES;
				ONLY_ACTIVE_ARCH = YES;
				SDKROOT = iphoneos;
				SWIFT_ACTIVE_COMPILATION_CONDITIONS = DEBUG;
				SWIFT_OPTIMIZATION_LEVEL = "-Onone";
			};
			name = Debug;
		};
		352DB76F28CA17D300A377E6 /* Release */ = {
			isa = XCBuildConfiguration;
			buildSettings = {
				ALWAYS_SEARCH_USER_PATHS = NO;
				CLANG_ANALYZER_NONNULL = YES;
				CLANG_ANALYZER_NUMBER_OBJECT_CONVERSION = YES_AGGRESSIVE;
				CLANG_CXX_LANGUAGE_STANDARD = "gnu++17";
				CLANG_ENABLE_MODULES = YES;
				CLANG_ENABLE_OBJC_ARC = YES;
				CLANG_ENABLE_OBJC_WEAK = YES;
				CLANG_WARN_BLOCK_CAPTURE_AUTORELEASING = YES;
				CLANG_WARN_BOOL_CONVERSION = YES;
				CLANG_WARN_COMMA = YES;
				CLANG_WARN_CONSTANT_CONVERSION = YES;
				CLANG_WARN_DEPRECATED_OBJC_IMPLEMENTATIONS = YES;
				CLANG_WARN_DIRECT_OBJC_ISA_USAGE = YES_ERROR;
				CLANG_WARN_DOCUMENTATION_COMMENTS = YES;
				CLANG_WARN_EMPTY_BODY = YES;
				CLANG_WARN_ENUM_CONVERSION = YES;
				CLANG_WARN_INFINITE_RECURSION = YES;
				CLANG_WARN_INT_CONVERSION = YES;
				CLANG_WARN_NON_LITERAL_NULL_CONVERSION = YES;
				CLANG_WARN_OBJC_IMPLICIT_RETAIN_SELF = YES;
				CLANG_WARN_OBJC_LITERAL_CONVERSION = YES;
				CLANG_WARN_OBJC_ROOT_CLASS = YES_ERROR;
				CLANG_WARN_QUOTED_INCLUDE_IN_FRAMEWORK_HEADER = YES;
				CLANG_WARN_RANGE_LOOP_ANALYSIS = YES;
				CLANG_WARN_STRICT_PROTOTYPES = YES;
				CLANG_WARN_SUSPICIOUS_MOVE = YES;
				CLANG_WARN_UNGUARDED_AVAILABILITY = YES_AGGRESSIVE;
				CLANG_WARN_UNREACHABLE_CODE = YES;
				CLANG_WARN__DUPLICATE_METHOD_MATCH = YES;
				COPY_PHASE_STRIP = NO;
				DEBUG_INFORMATION_FORMAT = "dwarf-with-dsym";
				ENABLE_NS_ASSERTIONS = NO;
				ENABLE_STRICT_OBJC_MSGSEND = YES;
				GCC_C_LANGUAGE_STANDARD = gnu11;
				GCC_NO_COMMON_BLOCKS = YES;
				GCC_WARN_64_TO_32_BIT_CONVERSION = YES;
				GCC_WARN_ABOUT_RETURN_TYPE = YES_ERROR;
				GCC_WARN_UNDECLARED_SELECTOR = YES;
				GCC_WARN_UNINITIALIZED_AUTOS = YES_AGGRESSIVE;
				GCC_WARN_UNUSED_FUNCTION = YES;
				GCC_WARN_UNUSED_VARIABLE = YES;
				IPHONEOS_DEPLOYMENT_TARGET = 15.5;
				MTL_ENABLE_DEBUG_INFO = NO;
				MTL_FAST_MATH = YES;
				SDKROOT = iphoneos;
				SWIFT_COMPILATION_MODE = wholemodule;
				SWIFT_OPTIMIZATION_LEVEL = "-O";
				VALIDATE_PRODUCT = YES;
			};
			name = Release;
		};
		352DB77128CA17D300A377E6 /* Debug */ = {
			isa = XCBuildConfiguration;
			buildSettings = {
				ASSETCATALOG_COMPILER_APPICON_NAME = AppIcon;
				ASSETCATALOG_COMPILER_GLOBAL_ACCENT_COLOR_NAME = AccentColor;
				CODE_SIGN_STYLE = Automatic;
				CURRENT_PROJECT_VERSION = 1;
				DEVELOPMENT_ASSET_PATHS = "\"SocialMap/Preview Content\"";
				ENABLE_PREVIEWS = YES;
				GENERATE_INFOPLIST_FILE = YES;
				INFOPLIST_KEY_NSLocationWhenInUseUsageDescription = "This app needs your location to show it on the map";
				INFOPLIST_KEY_UIApplicationSceneManifest_Generation = YES;
				INFOPLIST_KEY_UIApplicationSupportsIndirectInputEvents = YES;
				INFOPLIST_KEY_UILaunchScreen_Generation = YES;
				INFOPLIST_KEY_UISupportedInterfaceOrientations_iPad = "UIInterfaceOrientationPortrait UIInterfaceOrientationPortraitUpsideDown UIInterfaceOrientationLandscapeLeft UIInterfaceOrientationLandscapeRight";
				INFOPLIST_KEY_UISupportedInterfaceOrientations_iPhone = "UIInterfaceOrientationPortrait UIInterfaceOrientationLandscapeLeft UIInterfaceOrientationLandscapeRight";
				LD_RUNPATH_SEARCH_PATHS = (
					"$(inherited)",
					"@executable_path/Frameworks",
				);
				MARKETING_VERSION = 1.0;
				PRODUCT_BUNDLE_IDENTIFIER = br.ifce.ada.SocialMap;
				PRODUCT_NAME = "$(TARGET_NAME)";
				SWIFT_EMIT_LOC_STRINGS = YES;
				SWIFT_VERSION = 5.0;
				TARGETED_DEVICE_FAMILY = "1,2";
			};
			name = Debug;
		};
		352DB77228CA17D300A377E6 /* Release */ = {
			isa = XCBuildConfiguration;
			buildSettings = {
				ASSETCATALOG_COMPILER_APPICON_NAME = AppIcon;
				ASSETCATALOG_COMPILER_GLOBAL_ACCENT_COLOR_NAME = AccentColor;
				CODE_SIGN_STYLE = Automatic;
				CURRENT_PROJECT_VERSION = 1;
				DEVELOPMENT_ASSET_PATHS = "\"SocialMap/Preview Content\"";
				ENABLE_PREVIEWS = YES;
				GENERATE_INFOPLIST_FILE = YES;
				INFOPLIST_KEY_NSLocationWhenInUseUsageDescription = "This app needs your location to show it on the map";
				INFOPLIST_KEY_UIApplicationSceneManifest_Generation = YES;
				INFOPLIST_KEY_UIApplicationSupportsIndirectInputEvents = YES;
				INFOPLIST_KEY_UILaunchScreen_Generation = YES;
				INFOPLIST_KEY_UISupportedInterfaceOrientations_iPad = "UIInterfaceOrientationPortrait UIInterfaceOrientationPortraitUpsideDown UIInterfaceOrientationLandscapeLeft UIInterfaceOrientationLandscapeRight";
				INFOPLIST_KEY_UISupportedInterfaceOrientations_iPhone = "UIInterfaceOrientationPortrait UIInterfaceOrientationLandscapeLeft UIInterfaceOrientationLandscapeRight";
				LD_RUNPATH_SEARCH_PATHS = (
					"$(inherited)",
					"@executable_path/Frameworks",
				);
				MARKETING_VERSION = 1.0;
				PRODUCT_BUNDLE_IDENTIFIER = br.ifce.ada.SocialMap;
				PRODUCT_NAME = "$(TARGET_NAME)";
				SWIFT_EMIT_LOC_STRINGS = YES;
				SWIFT_VERSION = 5.0;
				TARGETED_DEVICE_FAMILY = "1,2";
			};
			name = Release;
		};
/* End XCBuildConfiguration section */

/* Begin XCConfigurationList section */
		352DB75D28CA17D200A377E6 /* Build configuration list for PBXProject "SocialMap" */ = {
			isa = XCConfigurationList;
			buildConfigurations = (
				352DB76E28CA17D300A377E6 /* Debug */,
				352DB76F28CA17D300A377E6 /* Release */,
			);
			defaultConfigurationIsVisible = 0;
			defaultConfigurationName = Release;
		};
		352DB77028CA17D300A377E6 /* Build configuration list for PBXNativeTarget "SocialMap" */ = {
			isa = XCConfigurationList;
			buildConfigurations = (
				352DB77128CA17D300A377E6 /* Debug */,
				352DB77228CA17D300A377E6 /* Release */,
			);
			defaultConfigurationIsVisible = 0;
			defaultConfigurationName = Release;
		};
/* End XCConfigurationList section */
	};
	rootObject = 352DB75A28CA17D200A377E6 /* Project object */;
}
